{
  "name": "@maplibre/ngx-maplibre-gl",
  "version": "21.0.0",
  "lockfileVersion": 3,
  "requires": true,
  "packages": {
    "": {
      "name": "@maplibre/ngx-maplibre-gl",
      "version": "21.0.0",
      "license": "MIT",
      "peerDependencies": {
        "@angular/common": ">= 19.0.0",
        "@angular/core": ">= 19.0.0",
        "maplibre-gl": ">= 5.0.0",
        "rxjs": ">= 7.8.1"
      }
    }
  }
}
